// !$*UTF8*$!
{
	archiveVersion = 1;
	classes = {
	};
	objectVersion = 56;
	objects = {

/* Begin PBXBuildFile section */
		84AE2F5D2A35F2C7006E87F1 /* AppDelegate.swift in Sources */ = {isa = PBXBuildFile; fileRef = 84AE2F5C2A35F2C7006E87F1 /* AppDelegate.swift */; };
		84AE2F5F2A35F2C7006E87F1 /* SceneDelegate.swift in Sources */ = {isa = PBXBuildFile; fileRef = 84AE2F5E2A35F2C7006E87F1 /* SceneDelegate.swift */; };
		84AE2F662A35F2CA006E87F1 /* Assets.xcassets in Resources */ = {isa = PBXBuildFile; fileRef = 84AE2F652A35F2CA006E87F1 /* Assets.xcassets */; };
		84AE2F692A35F2CA006E87F1 /* LaunchScreen.storyboard in Resources */ = {isa = PBXBuildFile; fileRef = 84AE2F672A35F2CA006E87F1 /* LaunchScreen.storyboard */; };
		84AE2F7C2A35F679006E87F1 /* UIColorExtension.swift in Sources */ = {isa = PBXBuildFile; fileRef = 84AE2F7B2A35F679006E87F1 /* UIColorExtension.swift */; };
		84AE2F7E2A35F687006E87F1 /* Resources.swift in Sources */ = {isa = PBXBuildFile; fileRef = 84AE2F7D2A35F687006E87F1 /* Resources.swift */; };
		84C4209A2A37505E00727691 /* HomeViewController.swift in Sources */ = {isa = PBXBuildFile; fileRef = 84C4208E2A37505E00727691 /* HomeViewController.swift */; };
		84C4209B2A37505E00727691 /* FavoritesViewController.swift in Sources */ = {isa = PBXBuildFile; fileRef = 84C420902A37505E00727691 /* FavoritesViewController.swift */; };
		84C4209C2A37505E00727691 /* ExploreViewController.swift in Sources */ = {isa = PBXBuildFile; fileRef = 84C420922A37505E00727691 /* ExploreViewController.swift */; };
		84C4209D2A37505E00727691 /* TabBarController.swift in Sources */ = {isa = PBXBuildFile; fileRef = 84C420942A37505E00727691 /* TabBarController.swift */; };
		84C4209E2A37505E00727691 /* AccountViewController.swift in Sources */ = {isa = PBXBuildFile; fileRef = 84C420972A37505E00727691 /* AccountViewController.swift */; };
		84C420A02A37509D00727691 /* UserModel.swift in Sources */ = {isa = PBXBuildFile; fileRef = 84C4209F2A37509D00727691 /* UserModel.swift */; };
		84C420A22A3750B800727691 /* FirebaseManager.swift in Sources */ = {isa = PBXBuildFile; fileRef = 84C420A12A3750B800727691 /* FirebaseManager.swift */; };
		84C420A52A3756B700727691 /* SignInUpViewController.swift in Sources */ = {isa = PBXBuildFile; fileRef = 84C420A42A3756B700727691 /* SignInUpViewController.swift */; };
		84C420A72A3756CC00727691 /* SignInUpView.swift in Sources */ = {isa = PBXBuildFile; fileRef = 84C420A62A3756CC00727691 /* SignInUpView.swift */; };
		84C420A92A3756FA00727691 /* CustomViewController.swift in Sources */ = {isa = PBXBuildFile; fileRef = 84C420A82A3756FA00727691 /* CustomViewController.swift */; };
		84C420AB2A37570400727691 /* CustomView.swift in Sources */ = {isa = PBXBuildFile; fileRef = 84C420AA2A37570400727691 /* CustomView.swift */; };
		84C420B12A378BCE00727691 /* FirebaseAuth in Frameworks */ = {isa = PBXBuildFile; productRef = 84C420B02A378BCE00727691 /* FirebaseAuth */; };
		84C420B32A37911000727691 /* GoogleService-Info.plist in Resources */ = {isa = PBXBuildFile; fileRef = 84C420B22A37911000727691 /* GoogleService-Info.plist */; };
		84C420B62A37920B00727691 /* FirebaseDatabase in Frameworks */ = {isa = PBXBuildFile; productRef = 84C420B52A37920B00727691 /* FirebaseDatabase */; };
		84C420BD2A3795B600727691 /* GoogleSignIn in Frameworks */ = {isa = PBXBuildFile; productRef = 84C420BC2A3795B600727691 /* GoogleSignIn */; };
		84C420BF2A3795B600727691 /* GoogleSignInSwift in Frameworks */ = {isa = PBXBuildFile; productRef = 84C420BE2A3795B600727691 /* GoogleSignInSwift */; };
		84C420C12A37979E00727691 /* FirebaseDatabaseSwift in Frameworks */ = {isa = PBXBuildFile; productRef = 84C420C02A37979E00727691 /* FirebaseDatabaseSwift */; };
		84C420C32A379AB800727691 /* UserInfo.swift in Sources */ = {isa = PBXBuildFile; fileRef = 84C420C22A379AB800727691 /* UserInfo.swift */; };
/* End PBXBuildFile section */

/* Begin PBXFileReference section */
		84AE2F592A35F2C7006E87F1 /* MyMusicApp.app */ = {isa = PBXFileReference; explicitFileType = wrapper.application; includeInIndex = 0; path = MyMusicApp.app; sourceTree = BUILT_PRODUCTS_DIR; };
		84AE2F5C2A35F2C7006E87F1 /* AppDelegate.swift */ = {isa = PBXFileReference; lastKnownFileType = sourcecode.swift; path = AppDelegate.swift; sourceTree = "<group>"; };
		84AE2F5E2A35F2C7006E87F1 /* SceneDelegate.swift */ = {isa = PBXFileReference; lastKnownFileType = sourcecode.swift; path = SceneDelegate.swift; sourceTree = "<group>"; };
		84AE2F652A35F2CA006E87F1 /* Assets.xcassets */ = {isa = PBXFileReference; lastKnownFileType = folder.assetcatalog; path = Assets.xcassets; sourceTree = "<group>"; };
		84AE2F682A35F2CA006E87F1 /* Base */ = {isa = PBXFileReference; lastKnownFileType = file.storyboard; name = Base; path = Base.lproj/LaunchScreen.storyboard; sourceTree = "<group>"; };
		84AE2F6A2A35F2CA006E87F1 /* Info.plist */ = {isa = PBXFileReference; lastKnownFileType = text.plist.xml; path = Info.plist; sourceTree = "<group>"; };
		84AE2F7B2A35F679006E87F1 /* UIColorExtension.swift */ = {isa = PBXFileReference; lastKnownFileType = sourcecode.swift; path = UIColorExtension.swift; sourceTree = "<group>"; };
		84AE2F7D2A35F687006E87F1 /* Resources.swift */ = {isa = PBXFileReference; lastKnownFileType = sourcecode.swift; path = Resources.swift; sourceTree = "<group>"; };
		84C4208E2A37505E00727691 /* HomeViewController.swift */ = {isa = PBXFileReference; fileEncoding = 4; lastKnownFileType = sourcecode.swift; path = HomeViewController.swift; sourceTree = "<group>"; };
		84C420902A37505E00727691 /* FavoritesViewController.swift */ = {isa = PBXFileReference; fileEncoding = 4; lastKnownFileType = sourcecode.swift; path = FavoritesViewController.swift; sourceTree = "<group>"; };
		84C420922A37505E00727691 /* ExploreViewController.swift */ = {isa = PBXFileReference; fileEncoding = 4; lastKnownFileType = sourcecode.swift; path = ExploreViewController.swift; sourceTree = "<group>"; };
		84C420942A37505E00727691 /* TabBarController.swift */ = {isa = PBXFileReference; fileEncoding = 4; lastKnownFileType = sourcecode.swift; path = TabBarController.swift; sourceTree = "<group>"; };
		84C420972A37505E00727691 /* AccountViewController.swift */ = {isa = PBXFileReference; fileEncoding = 4; lastKnownFileType = sourcecode.swift; path = AccountViewController.swift; sourceTree = "<group>"; };
		84C4209F2A37509D00727691 /* UserModel.swift */ = {isa = PBXFileReference; lastKnownFileType = sourcecode.swift; path = UserModel.swift; sourceTree = "<group>"; };
		84C420A12A3750B800727691 /* FirebaseManager.swift */ = {isa = PBXFileReference; lastKnownFileType = sourcecode.swift; path = FirebaseManager.swift; sourceTree = "<group>"; };
		84C420A42A3756B700727691 /* SignInUpViewController.swift */ = {isa = PBXFileReference; lastKnownFileType = sourcecode.swift; path = SignInUpViewController.swift; sourceTree = "<group>"; };
		84C420A62A3756CC00727691 /* SignInUpView.swift */ = {isa = PBXFileReference; lastKnownFileType = sourcecode.swift; path = SignInUpView.swift; sourceTree = "<group>"; };
		84C420A82A3756FA00727691 /* CustomViewController.swift */ = {isa = PBXFileReference; lastKnownFileType = sourcecode.swift; path = CustomViewController.swift; sourceTree = "<group>"; };
		84C420AA2A37570400727691 /* CustomView.swift */ = {isa = PBXFileReference; lastKnownFileType = sourcecode.swift; path = CustomView.swift; sourceTree = "<group>"; };
		84C420B22A37911000727691 /* GoogleService-Info.plist */ = {isa = PBXFileReference; fileEncoding = 4; lastKnownFileType = text.plist.xml; path = "GoogleService-Info.plist"; sourceTree = "<group>"; };
		84C420C22A379AB800727691 /* UserInfo.swift */ = {isa = PBXFileReference; lastKnownFileType = sourcecode.swift; path = UserInfo.swift; sourceTree = "<group>"; };
/* End PBXFileReference section */

/* Begin PBXFrameworksBuildPhase section */
		84AE2F562A35F2C7006E87F1 /* Frameworks */ = {
			isa = PBXFrameworksBuildPhase;
			buildActionMask = 2147483647;
			files = (
				84C420C12A37979E00727691 /* FirebaseDatabaseSwift in Frameworks */,
				84C420BD2A3795B600727691 /* GoogleSignIn in Frameworks */,
				84C420B62A37920B00727691 /* FirebaseDatabase in Frameworks */,
				84C420B12A378BCE00727691 /* FirebaseAuth in Frameworks */,
				84C420BF2A3795B600727691 /* GoogleSignInSwift in Frameworks */,
			);
			runOnlyForDeploymentPostprocessing = 0;
		};
/* End PBXFrameworksBuildPhase section */

/* Begin PBXGroup section */
		84AE2F502A35F2C7006E87F1 = {
			isa = PBXGroup;
			children = (
				84AE2F5B2A35F2C7006E87F1 /* MyMusicApp */,
				84AE2F5A2A35F2C7006E87F1 /* Products */,
				84C420B42A37920B00727691 /* Frameworks */,
			);
			sourceTree = "<group>";
		};
		84AE2F5A2A35F2C7006E87F1 /* Products */ = {
			isa = PBXGroup;
			children = (
				84AE2F592A35F2C7006E87F1 /* MyMusicApp.app */,
			);
			name = Products;
			sourceTree = "<group>";
		};
		84AE2F5B2A35F2C7006E87F1 /* MyMusicApp */ = {
			isa = PBXGroup;
			children = (
				84AE2F752A35F3AB006E87F1 /* App */,
				84C4208C2A37505E00727691 /* Controllers */,
				84AE2F702A35F34B006E87F1 /* Model */,
				84AE2F742A35F384006E87F1 /* Resources */,
				84AE2F722A35F35E006E87F1 /* Services */,
				84AE2F672A35F2CA006E87F1 /* LaunchScreen.storyboard */,
			);
			path = MyMusicApp;
			sourceTree = "<group>";
		};
		84AE2F702A35F34B006E87F1 /* Model */ = {
			isa = PBXGroup;
			children = (
				84C4209F2A37509D00727691 /* UserModel.swift */,
				84C420C22A379AB800727691 /* UserInfo.swift */,
			);
			path = Model;
			sourceTree = "<group>";
		};
		84AE2F722A35F35E006E87F1 /* Services */ = {
			isa = PBXGroup;
			children = (
				84C420AC2A378AA700727691 /* Firebase */,
			);
			path = Services;
			sourceTree = "<group>";
		};
		84AE2F742A35F384006E87F1 /* Resources */ = {
			isa = PBXGroup;
			children = (
				84AE2F652A35F2CA006E87F1 /* Assets.xcassets */,
				84AE2F7B2A35F679006E87F1 /* UIColorExtension.swift */,
				84AE2F7D2A35F687006E87F1 /* Resources.swift */,
			);
			path = Resources;
			sourceTree = "<group>";
		};
		84AE2F752A35F3AB006E87F1 /* App */ = {
			isa = PBXGroup;
			children = (
				84AE2F6A2A35F2CA006E87F1 /* Info.plist */,
				84AE2F5C2A35F2C7006E87F1 /* AppDelegate.swift */,
				84AE2F5E2A35F2C7006E87F1 /* SceneDelegate.swift */,
			);
			path = App;
			sourceTree = "<group>";
		};
		84C4208C2A37505E00727691 /* Controllers */ = {
			isa = PBXGroup;
			children = (
				84C420A32A37567700727691 /* AuthorizationVC */,
				84C4208D2A37505E00727691 /* HomeVC */,
				84C4208F2A37505E00727691 /* FavoritesVC */,
				84C420912A37505E00727691 /* ExploreVC */,
				84C420932A37505E00727691 /* TabBar */,
				84C420952A37505E00727691 /* OnboardingVC */,
				84C420962A37505E00727691 /* AccountVC */,
				84C420982A37505E00727691 /* PlayVC */,
				84C420992A37505E00727691 /* CustomVC */,
			);
			name = Controllers;
			path = MyMusicApp/Controllers;
			sourceTree = SOURCE_ROOT;
		};
		84C4208D2A37505E00727691 /* HomeVC */ = {
			isa = PBXGroup;
			children = (
				84C4208E2A37505E00727691 /* HomeViewController.swift */,
			);
			path = HomeVC;
			sourceTree = "<group>";
		};
		84C4208F2A37505E00727691 /* FavoritesVC */ = {
			isa = PBXGroup;
			children = (
				84C420902A37505E00727691 /* FavoritesViewController.swift */,
			);
			path = FavoritesVC;
			sourceTree = "<group>";
		};
		84C420912A37505E00727691 /* ExploreVC */ = {
			isa = PBXGroup;
			children = (
				84C420922A37505E00727691 /* ExploreViewController.swift */,
			);
			path = ExploreVC;
			sourceTree = "<group>";
		};
		84C420932A37505E00727691 /* TabBar */ = {
			isa = PBXGroup;
			children = (
				84C420942A37505E00727691 /* TabBarController.swift */,
			);
			path = TabBar;
			sourceTree = "<group>";
		};
		84C420952A37505E00727691 /* OnboardingVC */ = {
			isa = PBXGroup;
			children = (
			);
			path = OnboardingVC;
			sourceTree = "<group>";
		};
		84C420962A37505E00727691 /* AccountVC */ = {
			isa = PBXGroup;
			children = (
				84C420972A37505E00727691 /* AccountViewController.swift */,
			);
			path = AccountVC;
			sourceTree = "<group>";
		};
		84C420982A37505E00727691 /* PlayVC */ = {
			isa = PBXGroup;
			children = (
			);
			path = PlayVC;
			sourceTree = "<group>";
		};
		84C420992A37505E00727691 /* CustomVC */ = {
			isa = PBXGroup;
			children = (
				84C420A82A3756FA00727691 /* CustomViewController.swift */,
				84C420AA2A37570400727691 /* CustomView.swift */,
			);
			path = CustomVC;
			sourceTree = "<group>";
		};
		84C420A32A37567700727691 /* AuthorizationVC */ = {
			isa = PBXGroup;
			children = (
				84C420A42A3756B700727691 /* SignInUpViewController.swift */,
				84C420A62A3756CC00727691 /* SignInUpView.swift */,
			);
			path = AuthorizationVC;
			sourceTree = "<group>";
		};
		84C420AC2A378AA700727691 /* Firebase */ = {
			isa = PBXGroup;
			children = (
				84C420B22A37911000727691 /* GoogleService-Info.plist */,
				84C420A12A3750B800727691 /* FirebaseManager.swift */,
			);
			path = Firebase;
			sourceTree = "<group>";
		};
		84C420B42A37920B00727691 /* Frameworks */ = {
			isa = PBXGroup;
			children = (
			);
			name = Frameworks;
			sourceTree = "<group>";
		};
/* End PBXGroup section */

/* Begin PBXNativeTarget section */
		84AE2F582A35F2C7006E87F1 /* MyMusicApp */ = {
			isa = PBXNativeTarget;
			buildConfigurationList = 84AE2F6D2A35F2CA006E87F1 /* Build configuration list for PBXNativeTarget "MyMusicApp" */;
			buildPhases = (
				84AE2F552A35F2C7006E87F1 /* Sources */,
				84AE2F562A35F2C7006E87F1 /* Frameworks */,
				84AE2F572A35F2C7006E87F1 /* Resources */,
			);
			buildRules = (
			);
			dependencies = (
			);
			name = MyMusicApp;
			packageProductDependencies = (
				84C420B02A378BCE00727691 /* FirebaseAuth */,
				84C420B52A37920B00727691 /* FirebaseDatabase */,
				84C420BC2A3795B600727691 /* GoogleSignIn */,
				84C420BE2A3795B600727691 /* GoogleSignInSwift */,
				84C420C02A37979E00727691 /* FirebaseDatabaseSwift */,
			);
			productName = MyMusicApp;
			productReference = 84AE2F592A35F2C7006E87F1 /* MyMusicApp.app */;
			productType = "com.apple.product-type.application";
		};
/* End PBXNativeTarget section */

/* Begin PBXProject section */
		84AE2F512A35F2C7006E87F1 /* Project object */ = {
			isa = PBXProject;
			attributes = {
				BuildIndependentTargetsInParallel = 1;
				LastSwiftUpdateCheck = 1420;
				LastUpgradeCheck = 1420;
				TargetAttributes = {
					84AE2F582A35F2C7006E87F1 = {
						CreatedOnToolsVersion = 14.2;
					};
				};
			};
			buildConfigurationList = 84AE2F542A35F2C7006E87F1 /* Build configuration list for PBXProject "MyMusicApp" */;
			compatibilityVersion = "Xcode 14.0";
			developmentRegion = en;
			hasScannedForEncodings = 0;
			knownRegions = (
				en,
				Base,
			);
			mainGroup = 84AE2F502A35F2C7006E87F1;
			packageReferences = (
				84C420AF2A378BCE00727691 /* XCRemoteSwiftPackageReference "firebase-ios-sdk" */,
				84C420BB2A37952900727691 /* XCRemoteSwiftPackageReference "GoogleSignIn-iOS" */,
			);
			productRefGroup = 84AE2F5A2A35F2C7006E87F1 /* Products */;
			projectDirPath = "";
			projectRoot = "";
			targets = (
				84AE2F582A35F2C7006E87F1 /* MyMusicApp */,
			);
		};
/* End PBXProject section */

/* Begin PBXResourcesBuildPhase section */
		84AE2F572A35F2C7006E87F1 /* Resources */ = {
			isa = PBXResourcesBuildPhase;
			buildActionMask = 2147483647;
			files = (
				84AE2F692A35F2CA006E87F1 /* LaunchScreen.storyboard in Resources */,
				84AE2F662A35F2CA006E87F1 /* Assets.xcassets in Resources */,
				84C420B32A37911000727691 /* GoogleService-Info.plist in Resources */,
			);
			runOnlyForDeploymentPostprocessing = 0;
		};
/* End PBXResourcesBuildPhase section */

/* Begin PBXSourcesBuildPhase section */
		84AE2F552A35F2C7006E87F1 /* Sources */ = {
			isa = PBXSourcesBuildPhase;
			buildActionMask = 2147483647;
			files = (
				84C420AB2A37570400727691 /* CustomView.swift in Sources */,
				84C4209A2A37505E00727691 /* HomeViewController.swift in Sources */,
				84C420A92A3756FA00727691 /* CustomViewController.swift in Sources */,
				84C4209D2A37505E00727691 /* TabBarController.swift in Sources */,
				84C420C32A379AB800727691 /* UserInfo.swift in Sources */,
				84AE2F5D2A35F2C7006E87F1 /* AppDelegate.swift in Sources */,
				84C420A52A3756B700727691 /* SignInUpViewController.swift in Sources */,
				84AE2F5F2A35F2C7006E87F1 /* SceneDelegate.swift in Sources */,
				84C420A22A3750B800727691 /* FirebaseManager.swift in Sources */,
				84AE2F7E2A35F687006E87F1 /* Resources.swift in Sources */,
				84C4209B2A37505E00727691 /* FavoritesViewController.swift in Sources */,
				84C4209C2A37505E00727691 /* ExploreViewController.swift in Sources */,
				84AE2F7C2A35F679006E87F1 /* UIColorExtension.swift in Sources */,
				84C420A02A37509D00727691 /* UserModel.swift in Sources */,
				84C4209E2A37505E00727691 /* AccountViewController.swift in Sources */,
				84C420A72A3756CC00727691 /* SignInUpView.swift in Sources */,
			);
			runOnlyForDeploymentPostprocessing = 0;
		};
/* End PBXSourcesBuildPhase section */

/* Begin PBXVariantGroup section */
		84AE2F672A35F2CA006E87F1 /* LaunchScreen.storyboard */ = {
			isa = PBXVariantGroup;
			children = (
				84AE2F682A35F2CA006E87F1 /* Base */,
			);
			name = LaunchScreen.storyboard;
			sourceTree = "<group>";
		};
/* End PBXVariantGroup section */

/* Begin XCBuildConfiguration section */
		84AE2F6B2A35F2CA006E87F1 /* Debug */ = {
			isa = XCBuildConfiguration;
			buildSettings = {
				ALWAYS_SEARCH_USER_PATHS = NO;
				CLANG_ANALYZER_NONNULL = YES;
				CLANG_ANALYZER_NUMBER_OBJECT_CONVERSION = YES_AGGRESSIVE;
				CLANG_CXX_LANGUAGE_STANDARD = "gnu++20";
				CLANG_ENABLE_MODULES = YES;
				CLANG_ENABLE_OBJC_ARC = YES;
				CLANG_ENABLE_OBJC_WEAK = YES;
				CLANG_WARN_BLOCK_CAPTURE_AUTORELEASING = YES;
				CLANG_WARN_BOOL_CONVERSION = YES;
				CLANG_WARN_COMMA = YES;
				CLANG_WARN_CONSTANT_CONVERSION = YES;
				CLANG_WARN_DEPRECATED_OBJC_IMPLEMENTATIONS = YES;
				CLANG_WARN_DIRECT_OBJC_ISA_USAGE = YES_ERROR;
				CLANG_WARN_DOCUMENTATION_COMMENTS = YES;
				CLANG_WARN_EMPTY_BODY = YES;
				CLANG_WARN_ENUM_CONVERSION = YES;
				CLANG_WARN_INFINITE_RECURSION = YES;
				CLANG_WARN_INT_CONVERSION = YES;
				CLANG_WARN_NON_LITERAL_NULL_CONVERSION = YES;
				CLANG_WARN_OBJC_IMPLICIT_RETAIN_SELF = YES;
				CLANG_WARN_OBJC_LITERAL_CONVERSION = YES;
				CLANG_WARN_OBJC_ROOT_CLASS = YES_ERROR;
				CLANG_WARN_QUOTED_INCLUDE_IN_FRAMEWORK_HEADER = YES;
				CLANG_WARN_RANGE_LOOP_ANALYSIS = YES;
				CLANG_WARN_STRICT_PROTOTYPES = YES;
				CLANG_WARN_SUSPICIOUS_MOVE = YES;
				CLANG_WARN_UNGUARDED_AVAILABILITY = YES_AGGRESSIVE;
				CLANG_WARN_UNREACHABLE_CODE = YES;
				CLANG_WARN__DUPLICATE_METHOD_MATCH = YES;
				COPY_PHASE_STRIP = NO;
				DEBUG_INFORMATION_FORMAT = dwarf;
				ENABLE_STRICT_OBJC_MSGSEND = YES;
				ENABLE_TESTABILITY = YES;
				GCC_C_LANGUAGE_STANDARD = gnu11;
				GCC_DYNAMIC_NO_PIC = NO;
				GCC_NO_COMMON_BLOCKS = YES;
				GCC_OPTIMIZATION_LEVEL = 0;
				GCC_PREPROCESSOR_DEFINITIONS = (
					"DEBUG=1",
					"$(inherited)",
				);
				GCC_WARN_64_TO_32_BIT_CONVERSION = YES;
				GCC_WARN_ABOUT_RETURN_TYPE = YES_ERROR;
				GCC_WARN_UNDECLARED_SELECTOR = YES;
				GCC_WARN_UNINITIALIZED_AUTOS = YES_AGGRESSIVE;
				GCC_WARN_UNUSED_FUNCTION = YES;
				GCC_WARN_UNUSED_VARIABLE = YES;
				IPHONEOS_DEPLOYMENT_TARGET = 16.2;
				MTL_ENABLE_DEBUG_INFO = INCLUDE_SOURCE;
				MTL_FAST_MATH = YES;
				ONLY_ACTIVE_ARCH = YES;
				SDKROOT = iphoneos;
				SWIFT_ACTIVE_COMPILATION_CONDITIONS = DEBUG;
				SWIFT_OPTIMIZATION_LEVEL = "-Onone";
			};
			name = Debug;
		};
		84AE2F6C2A35F2CA006E87F1 /* Release */ = {
			isa = XCBuildConfiguration;
			buildSettings = {
				ALWAYS_SEARCH_USER_PATHS = NO;
				CLANG_ANALYZER_NONNULL = YES;
				CLANG_ANALYZER_NUMBER_OBJECT_CONVERSION = YES_AGGRESSIVE;
				CLANG_CXX_LANGUAGE_STANDARD = "gnu++20";
				CLANG_ENABLE_MODULES = YES;
				CLANG_ENABLE_OBJC_ARC = YES;
				CLANG_ENABLE_OBJC_WEAK = YES;
				CLANG_WARN_BLOCK_CAPTURE_AUTORELEASING = YES;
				CLANG_WARN_BOOL_CONVERSION = YES;
				CLANG_WARN_COMMA = YES;
				CLANG_WARN_CONSTANT_CONVERSION = YES;
				CLANG_WARN_DEPRECATED_OBJC_IMPLEMENTATIONS = YES;
				CLANG_WARN_DIRECT_OBJC_ISA_USAGE = YES_ERROR;
				CLANG_WARN_DOCUMENTATION_COMMENTS = YES;
				CLANG_WARN_EMPTY_BODY = YES;
				CLANG_WARN_ENUM_CONVERSION = YES;
				CLANG_WARN_INFINITE_RECURSION = YES;
				CLANG_WARN_INT_CONVERSION = YES;
				CLANG_WARN_NON_LITERAL_NULL_CONVERSION = YES;
				CLANG_WARN_OBJC_IMPLICIT_RETAIN_SELF = YES;
				CLANG_WARN_OBJC_LITERAL_CONVERSION = YES;
				CLANG_WARN_OBJC_ROOT_CLASS = YES_ERROR;
				CLANG_WARN_QUOTED_INCLUDE_IN_FRAMEWORK_HEADER = YES;
				CLANG_WARN_RANGE_LOOP_ANALYSIS = YES;
				CLANG_WARN_STRICT_PROTOTYPES = YES;
				CLANG_WARN_SUSPICIOUS_MOVE = YES;
				CLANG_WARN_UNGUARDED_AVAILABILITY = YES_AGGRESSIVE;
				CLANG_WARN_UNREACHABLE_CODE = YES;
				CLANG_WARN__DUPLICATE_METHOD_MATCH = YES;
				COPY_PHASE_STRIP = NO;
				DEBUG_INFORMATION_FORMAT = "dwarf-with-dsym";
				ENABLE_NS_ASSERTIONS = NO;
				ENABLE_STRICT_OBJC_MSGSEND = YES;
				GCC_C_LANGUAGE_STANDARD = gnu11;
				GCC_NO_COMMON_BLOCKS = YES;
				GCC_WARN_64_TO_32_BIT_CONVERSION = YES;
				GCC_WARN_ABOUT_RETURN_TYPE = YES_ERROR;
				GCC_WARN_UNDECLARED_SELECTOR = YES;
				GCC_WARN_UNINITIALIZED_AUTOS = YES_AGGRESSIVE;
				GCC_WARN_UNUSED_FUNCTION = YES;
				GCC_WARN_UNUSED_VARIABLE = YES;
				IPHONEOS_DEPLOYMENT_TARGET = 16.2;
				MTL_ENABLE_DEBUG_INFO = NO;
				MTL_FAST_MATH = YES;
				SDKROOT = iphoneos;
				SWIFT_COMPILATION_MODE = wholemodule;
				SWIFT_OPTIMIZATION_LEVEL = "-O";
				VALIDATE_PRODUCT = YES;
			};
			name = Release;
		};
		84AE2F6E2A35F2CA006E87F1 /* Debug */ = {
			isa = XCBuildConfiguration;
			buildSettings = {
				ASSETCATALOG_COMPILER_APPICON_NAME = AppIcon;
				ASSETCATALOG_COMPILER_GLOBAL_ACCENT_COLOR_NAME = AccentColor;
				CODE_SIGN_STYLE = Automatic;
				CURRENT_PROJECT_VERSION = 1;
				DEVELOPMENT_TEAM = M4F6PT832U;
				GENERATE_INFOPLIST_FILE = YES;
				INFOPLIST_FILE = MyMusicApp/App/Info.plist;
				INFOPLIST_KEY_UIApplicationSupportsIndirectInputEvents = YES;
				INFOPLIST_KEY_UILaunchStoryboardName = LaunchScreen;
				INFOPLIST_KEY_UISupportedInterfaceOrientations = UIInterfaceOrientationPortrait;
				INFOPLIST_KEY_UISupportedInterfaceOrientations_iPad = "UIInterfaceOrientationLandscapeLeft UIInterfaceOrientationLandscapeRight UIInterfaceOrientationPortrait UIInterfaceOrientationPortraitUpsideDown";
				IPHONEOS_DEPLOYMENT_TARGET = 15.0;
				LD_RUNPATH_SEARCH_PATHS = (
					"$(inherited)",
					"@executable_path/Frameworks",
				);
				MARKETING_VERSION = 1.0;
				PRODUCT_BUNDLE_IDENTIFIER = com.anmik.MyMusicApp;
				PRODUCT_NAME = "$(TARGET_NAME)";
				SUPPORTED_PLATFORMS = "iphoneos iphonesimulator";
				SUPPORTS_MACCATALYST = NO;
				SUPPORTS_MAC_DESIGNED_FOR_IPHONE_IPAD = NO;
				SWIFT_EMIT_LOC_STRINGS = YES;
				SWIFT_VERSION = 5.0;
				TARGETED_DEVICE_FAMILY = 1;
			};
			name = Debug;
		};
		84AE2F6F2A35F2CA006E87F1 /* Release */ = {
			isa = XCBuildConfiguration;
			buildSettings = {
				ASSETCATALOG_COMPILER_APPICON_NAME = AppIcon;
				ASSETCATALOG_COMPILER_GLOBAL_ACCENT_COLOR_NAME = AccentColor;
				CODE_SIGN_STYLE = Automatic;
				CURRENT_PROJECT_VERSION = 1;
				DEVELOPMENT_TEAM = M4F6PT832U;
				GENERATE_INFOPLIST_FILE = YES;
				INFOPLIST_FILE = MyMusicApp/App/Info.plist;
				INFOPLIST_KEY_UIApplicationSupportsIndirectInputEvents = YES;
				INFOPLIST_KEY_UILaunchStoryboardName = LaunchScreen;
				INFOPLIST_KEY_UISupportedInterfaceOrientations = UIInterfaceOrientationPortrait;
				INFOPLIST_KEY_UISupportedInterfaceOrientations_iPad = "UIInterfaceOrientationLandscapeLeft UIInterfaceOrientationLandscapeRight UIInterfaceOrientationPortrait UIInterfaceOrientationPortraitUpsideDown";
				IPHONEOS_DEPLOYMENT_TARGET = 15.0;
				LD_RUNPATH_SEARCH_PATHS = (
					"$(inherited)",
					"@executable_path/Frameworks",
				);
				MARKETING_VERSION = 1.0;
				PRODUCT_BUNDLE_IDENTIFIER = com.anmik.MyMusicApp;
				PRODUCT_NAME = "$(TARGET_NAME)";
				SUPPORTED_PLATFORMS = "iphoneos iphonesimulator";
				SUPPORTS_MACCATALYST = NO;
				SUPPORTS_MAC_DESIGNED_FOR_IPHONE_IPAD = NO;
				SWIFT_EMIT_LOC_STRINGS = YES;
				SWIFT_VERSION = 5.0;
				TARGETED_DEVICE_FAMILY = 1;
			};
			name = Release;
		};
/* End XCBuildConfiguration section */

/* Begin XCConfigurationList section */
		84AE2F542A35F2C7006E87F1 /* Build configuration list for PBXProject "MyMusicApp" */ = {
			isa = XCConfigurationList;
			buildConfigurations = (
				84AE2F6B2A35F2CA006E87F1 /* Debug */,
				84AE2F6C2A35F2CA006E87F1 /* Release */,
			);
			defaultConfigurationIsVisible = 0;
			defaultConfigurationName = Release;
		};
		84AE2F6D2A35F2CA006E87F1 /* Build configuration list for PBXNativeTarget "MyMusicApp" */ = {
			isa = XCConfigurationList;
			buildConfigurations = (
				84AE2F6E2A35F2CA006E87F1 /* Debug */,
				84AE2F6F2A35F2CA006E87F1 /* Release */,
			);
			defaultConfigurationIsVisible = 0;
			defaultConfigurationName = Release;
		};
/* End XCConfigurationList section */

/* Begin XCRemoteSwiftPackageReference section */
		84C420AF2A378BCE00727691 /* XCRemoteSwiftPackageReference "firebase-ios-sdk" */ = {
			isa = XCRemoteSwiftPackageReference;
			repositoryURL = "https://github.com/firebase/firebase-ios-sdk";
			requirement = {
				kind = upToNextMajorVersion;
				minimumVersion = 9.0.0;
			};
		};
		84C420BB2A37952900727691 /* XCRemoteSwiftPackageReference "GoogleSignIn-iOS" */ = {
			isa = XCRemoteSwiftPackageReference;
			repositoryURL = "https://github.com/google/GoogleSignIn-iOS";
			requirement = {
				kind = upToNextMajorVersion;
				minimumVersion = 7.0.0;
			};
		};
/* End XCRemoteSwiftPackageReference section */

/* Begin XCSwiftPackageProductDependency section */
		84C420B02A378BCE00727691 /* FirebaseAuth */ = {
			isa = XCSwiftPackageProductDependency;
			package = 84C420AF2A378BCE00727691 /* XCRemoteSwiftPackageReference "firebase-ios-sdk" */;
			productName = FirebaseAuth;
		};
		84C420B52A37920B00727691 /* FirebaseDatabase */ = {
			isa = XCSwiftPackageProductDependency;
			package = 84C420AF2A378BCE00727691 /* XCRemoteSwiftPackageReference "firebase-ios-sdk" */;
			productName = FirebaseDatabase;
		};
		84C420BC2A3795B600727691 /* GoogleSignIn */ = {
			isa = XCSwiftPackageProductDependency;
			package = 84C420BB2A37952900727691 /* XCRemoteSwiftPackageReference "GoogleSignIn-iOS" */;
			productName = GoogleSignIn;
		};
		84C420BE2A3795B600727691 /* GoogleSignInSwift */ = {
			isa = XCSwiftPackageProductDependency;
			package = 84C420BB2A37952900727691 /* XCRemoteSwiftPackageReference "GoogleSignIn-iOS" */;
			productName = GoogleSignInSwift;
		};
		84C420C02A37979E00727691 /* FirebaseDatabaseSwift */ = {
			isa = XCSwiftPackageProductDependency;
			package = 84C420AF2A378BCE00727691 /* XCRemoteSwiftPackageReference "firebase-ios-sdk" */;
			productName = FirebaseDatabaseSwift;
		};
/* End XCSwiftPackageProductDependency section */
	};
	rootObject = 84AE2F512A35F2C7006E87F1 /* Project object */;
}
