// !$*UTF8*$!
{
	archiveVersion = 1;
	classes = {
	};
	objectVersion = 56;
	objects = {

/* Begin PBXBuildFile section */
		844F8DBF2A4C8A6200E7E34C /* Roboto-Medium.ttf in Resources */ = {isa = PBXBuildFile; fileRef = 844F8DB82A4C8A6200E7E34C /* Roboto-Medium.ttf */; };
		844F8DC02A4C8A6200E7E34C /* Montserrat-Medium.ttf in Resources */ = {isa = PBXBuildFile; fileRef = 844F8DB92A4C8A6200E7E34C /* Montserrat-Medium.ttf */; };
		844F8DC12A4C8A6200E7E34C /* Roboto-Regular.ttf in Resources */ = {isa = PBXBuildFile; fileRef = 844F8DBA2A4C8A6200E7E34C /* Roboto-Regular.ttf */; };
		844F8DC22A4C8A6200E7E34C /* Montserrat-SemiBold.ttf in Resources */ = {isa = PBXBuildFile; fileRef = 844F8DBB2A4C8A6200E7E34C /* Montserrat-SemiBold.ttf */; };
		844F8DC32A4C8A6200E7E34C /* Montserrat-Regular.ttf in Resources */ = {isa = PBXBuildFile; fileRef = 844F8DBC2A4C8A6200E7E34C /* Montserrat-Regular.ttf */; };
		844F8DC42A4C8A6200E7E34C /* Roboto-Bold.ttf in Resources */ = {isa = PBXBuildFile; fileRef = 844F8DBD2A4C8A6200E7E34C /* Roboto-Bold.ttf */; };
		844F8DC52A4C8A6200E7E34C /* Roboto-Black.ttf in Resources */ = {isa = PBXBuildFile; fileRef = 844F8DBE2A4C8A6200E7E34C /* Roboto-Black.ttf */; };
		8469598A2A4DFBD100A12459 /* CustomTabbarController.swift in Sources */ = {isa = PBXBuildFile; fileRef = 846959892A4DFBD100A12459 /* CustomTabbarController.swift */; };
		8469598C2A4F428B00A12459 /* BaseViewController.swift in Sources */ = {isa = PBXBuildFile; fileRef = 8469598B2A4F428B00A12459 /* BaseViewController.swift */; };
		8469598E2A4F42FC00A12459 /* BaseNavigationController.swift in Sources */ = {isa = PBXBuildFile; fileRef = 8469598D2A4F42FC00A12459 /* BaseNavigationController.swift */; };
		846959902A4F43BC00A12459 /* ExploreViewController.swift in Sources */ = {isa = PBXBuildFile; fileRef = 8469598F2A4F43BC00A12459 /* ExploreViewController.swift */; };
		846959922A4F440E00A12459 /* HomeViewController.swift in Sources */ = {isa = PBXBuildFile; fileRef = 846959912A4F440E00A12459 /* HomeViewController.swift */; };
		846959942A4F442500A12459 /* FavoritesViewController.swift in Sources */ = {isa = PBXBuildFile; fileRef = 846959932A4F442500A12459 /* FavoritesViewController.swift */; };
		846959962A4F443000A12459 /* AccountViewController.swift in Sources */ = {isa = PBXBuildFile; fileRef = 846959952A4F443000A12459 /* AccountViewController.swift */; };
		846959982A516FE100A12459 /* UIView + ext.swift in Sources */ = {isa = PBXBuildFile; fileRef = 846959972A516FE100A12459 /* UIView + ext.swift */; };
		84AE2F5D2A35F2C7006E87F1 /* AppDelegate.swift in Sources */ = {isa = PBXBuildFile; fileRef = 84AE2F5C2A35F2C7006E87F1 /* AppDelegate.swift */; };
		84AE2F5F2A35F2C7006E87F1 /* SceneDelegate.swift in Sources */ = {isa = PBXBuildFile; fileRef = 84AE2F5E2A35F2C7006E87F1 /* SceneDelegate.swift */; };
		84AE2F662A35F2CA006E87F1 /* Assets.xcassets in Resources */ = {isa = PBXBuildFile; fileRef = 84AE2F652A35F2CA006E87F1 /* Assets.xcassets */; };
		84AE2F692A35F2CA006E87F1 /* LaunchScreen.storyboard in Resources */ = {isa = PBXBuildFile; fileRef = 84AE2F672A35F2CA006E87F1 /* LaunchScreen.storyboard */; };
		84AE2F7C2A35F679006E87F1 /* UIColorExtension.swift in Sources */ = {isa = PBXBuildFile; fileRef = 84AE2F7B2A35F679006E87F1 /* UIColorExtension.swift */; };
		84AE2F7E2A35F687006E87F1 /* Resources.swift in Sources */ = {isa = PBXBuildFile; fileRef = 84AE2F7D2A35F687006E87F1 /* Resources.swift */; };
/* End PBXBuildFile section */

/* Begin PBXFileReference section */
		844F8DB82A4C8A6200E7E34C /* Roboto-Medium.ttf */ = {isa = PBXFileReference; lastKnownFileType = file; path = "Roboto-Medium.ttf"; sourceTree = "<group>"; };
		844F8DB92A4C8A6200E7E34C /* Montserrat-Medium.ttf */ = {isa = PBXFileReference; lastKnownFileType = file; path = "Montserrat-Medium.ttf"; sourceTree = "<group>"; };
		844F8DBA2A4C8A6200E7E34C /* Roboto-Regular.ttf */ = {isa = PBXFileReference; lastKnownFileType = file; path = "Roboto-Regular.ttf"; sourceTree = "<group>"; };
		844F8DBB2A4C8A6200E7E34C /* Montserrat-SemiBold.ttf */ = {isa = PBXFileReference; lastKnownFileType = file; path = "Montserrat-SemiBold.ttf"; sourceTree = "<group>"; };
		844F8DBC2A4C8A6200E7E34C /* Montserrat-Regular.ttf */ = {isa = PBXFileReference; lastKnownFileType = file; path = "Montserrat-Regular.ttf"; sourceTree = "<group>"; };
		844F8DBD2A4C8A6200E7E34C /* Roboto-Bold.ttf */ = {isa = PBXFileReference; lastKnownFileType = file; path = "Roboto-Bold.ttf"; sourceTree = "<group>"; };
		844F8DBE2A4C8A6200E7E34C /* Roboto-Black.ttf */ = {isa = PBXFileReference; lastKnownFileType = file; path = "Roboto-Black.ttf"; sourceTree = "<group>"; };
		846959892A4DFBD100A12459 /* CustomTabbarController.swift */ = {isa = PBXFileReference; lastKnownFileType = sourcecode.swift; path = CustomTabbarController.swift; sourceTree = "<group>"; };
		8469598B2A4F428B00A12459 /* BaseViewController.swift */ = {isa = PBXFileReference; lastKnownFileType = sourcecode.swift; path = BaseViewController.swift; sourceTree = "<group>"; };
		8469598D2A4F42FC00A12459 /* BaseNavigationController.swift */ = {isa = PBXFileReference; lastKnownFileType = sourcecode.swift; path = BaseNavigationController.swift; sourceTree = "<group>"; };
		8469598F2A4F43BC00A12459 /* ExploreViewController.swift */ = {isa = PBXFileReference; lastKnownFileType = sourcecode.swift; path = ExploreViewController.swift; sourceTree = "<group>"; };
		846959912A4F440E00A12459 /* HomeViewController.swift */ = {isa = PBXFileReference; lastKnownFileType = sourcecode.swift; path = HomeViewController.swift; sourceTree = "<group>"; };
		846959932A4F442500A12459 /* FavoritesViewController.swift */ = {isa = PBXFileReference; lastKnownFileType = sourcecode.swift; path = FavoritesViewController.swift; sourceTree = "<group>"; };
		846959952A4F443000A12459 /* AccountViewController.swift */ = {isa = PBXFileReference; lastKnownFileType = sourcecode.swift; path = AccountViewController.swift; sourceTree = "<group>"; };
		846959972A516FE100A12459 /* UIView + ext.swift */ = {isa = PBXFileReference; lastKnownFileType = sourcecode.swift; path = "UIView + ext.swift"; sourceTree = "<group>"; };
		84AE2F592A35F2C7006E87F1 /* MyMusicApp.app */ = {isa = PBXFileReference; explicitFileType = wrapper.application; includeInIndex = 0; path = MyMusicApp.app; sourceTree = BUILT_PRODUCTS_DIR; };
		84AE2F5C2A35F2C7006E87F1 /* AppDelegate.swift */ = {isa = PBXFileReference; lastKnownFileType = sourcecode.swift; path = AppDelegate.swift; sourceTree = "<group>"; };
		84AE2F5E2A35F2C7006E87F1 /* SceneDelegate.swift */ = {isa = PBXFileReference; lastKnownFileType = sourcecode.swift; path = SceneDelegate.swift; sourceTree = "<group>"; };
		84AE2F652A35F2CA006E87F1 /* Assets.xcassets */ = {isa = PBXFileReference; lastKnownFileType = folder.assetcatalog; path = Assets.xcassets; sourceTree = "<group>"; };
		84AE2F682A35F2CA006E87F1 /* Base */ = {isa = PBXFileReference; lastKnownFileType = file.storyboard; name = Base; path = Base.lproj/LaunchScreen.storyboard; sourceTree = "<group>"; };
		84AE2F6A2A35F2CA006E87F1 /* Info.plist */ = {isa = PBXFileReference; lastKnownFileType = text.plist.xml; path = Info.plist; sourceTree = "<group>"; };
		84AE2F7B2A35F679006E87F1 /* UIColorExtension.swift */ = {isa = PBXFileReference; lastKnownFileType = sourcecode.swift; path = UIColorExtension.swift; sourceTree = "<group>"; };
		84AE2F7D2A35F687006E87F1 /* Resources.swift */ = {isa = PBXFileReference; lastKnownFileType = sourcecode.swift; path = Resources.swift; sourceTree = "<group>"; };
/* End PBXFileReference section */

/* Begin PBXFrameworksBuildPhase section */
		84AE2F562A35F2C7006E87F1 /* Frameworks */ = {
			isa = PBXFrameworksBuildPhase;
			buildActionMask = 2147483647;
			files = (
			);
			runOnlyForDeploymentPostprocessing = 0;
		};
/* End PBXFrameworksBuildPhase section */

/* Begin PBXGroup section */
		844F8DA52A4B206100E7E34C /* UI */ = {
			isa = PBXGroup;
			children = (
				844F8DA72A4B208700E7E34C /* Textfields */,
				844F8DA62A4B207E00E7E34C /* Buttons */,
			);
			path = UI;
			sourceTree = "<group>";
		};
		844F8DA62A4B207E00E7E34C /* Buttons */ = {
			isa = PBXGroup;
			children = (
			);
			path = Buttons;
			sourceTree = "<group>";
		};
		844F8DA72A4B208700E7E34C /* Textfields */ = {
			isa = PBXGroup;
			children = (
			);
			path = Textfields;
			sourceTree = "<group>";
		};
		844F8DA82A4C1EA600E7E34C /* Modules */ = {
			isa = PBXGroup;
			children = (
				844F8DB02A4C216800E7E34C /* Account */,
				844F8DB22A4C218500E7E34C /* Authorization */,
				844F8DB32A4C219700E7E34C /* Common */,
				844F8DAD2A4C214B00E7E34C /* Explore */,
				844F8DAF2A4C216200E7E34C /* Favorites */,
				844F8DAC2A4C214600E7E34C /* Home */,
				844F8DB12A4C217200E7E34C /* Onboarding */,
				844F8DB52A4C21C500E7E34C /* Player */,
				844F8DAE2A4C215C00E7E34C /* Search */,
			);
			path = Modules;
			sourceTree = "<group>";
		};
		844F8DA92A4C1F7700E7E34C /* Common */ = {
			isa = PBXGroup;
			children = (
				844F8DAB2A4C1F8F00E7E34C /* Extensions */,
				844F8DAA2A4C1F8900E7E34C /* Files */,
				84AE2F742A35F384006E87F1 /* Resources */,
			);
			path = Common;
			sourceTree = "<group>";
		};
		844F8DAA2A4C1F8900E7E34C /* Files */ = {
			isa = PBXGroup;
			children = (
			);
			path = Files;
			sourceTree = "<group>";
		};
		844F8DAB2A4C1F8F00E7E34C /* Extensions */ = {
			isa = PBXGroup;
			children = (
				84AE2F7B2A35F679006E87F1 /* UIColorExtension.swift */,
				846959972A516FE100A12459 /* UIView + ext.swift */,
			);
			path = Extensions;
			sourceTree = "<group>";
		};
		844F8DAC2A4C214600E7E34C /* Home */ = {
			isa = PBXGroup;
			children = (
				846959912A4F440E00A12459 /* HomeViewController.swift */,
			);
			path = Home;
			sourceTree = "<group>";
		};
		844F8DAD2A4C214B00E7E34C /* Explore */ = {
			isa = PBXGroup;
			children = (
				8469598F2A4F43BC00A12459 /* ExploreViewController.swift */,
			);
			path = Explore;
			sourceTree = "<group>";
		};
		844F8DAE2A4C215C00E7E34C /* Search */ = {
			isa = PBXGroup;
			children = (
			);
			path = Search;
			sourceTree = "<group>";
		};
		844F8DAF2A4C216200E7E34C /* Favorites */ = {
			isa = PBXGroup;
			children = (
				846959932A4F442500A12459 /* FavoritesViewController.swift */,
			);
			path = Favorites;
			sourceTree = "<group>";
		};
		844F8DB02A4C216800E7E34C /* Account */ = {
			isa = PBXGroup;
			children = (
				846959952A4F443000A12459 /* AccountViewController.swift */,
			);
			path = Account;
			sourceTree = "<group>";
		};
		844F8DB12A4C217200E7E34C /* Onboarding */ = {
			isa = PBXGroup;
			children = (
			);
			path = Onboarding;
			sourceTree = "<group>";
		};
		844F8DB22A4C218500E7E34C /* Authorization */ = {
			isa = PBXGroup;
			children = (
			);
			path = Authorization;
			sourceTree = "<group>";
		};
		844F8DB32A4C219700E7E34C /* Common */ = {
			isa = PBXGroup;
			children = (
				846959892A4DFBD100A12459 /* CustomTabbarController.swift */,
				8469598B2A4F428B00A12459 /* BaseViewController.swift */,
				8469598D2A4F42FC00A12459 /* BaseNavigationController.swift */,
			);
			path = Common;
			sourceTree = "<group>";
		};
		844F8DB52A4C21C500E7E34C /* Player */ = {
			isa = PBXGroup;
			children = (
			);
			path = Player;
			sourceTree = "<group>";
		};
		844F8DB72A4C8A6200E7E34C /* Fonts */ = {
			isa = PBXGroup;
			children = (
				844F8DB92A4C8A6200E7E34C /* Montserrat-Medium.ttf */,
				844F8DBC2A4C8A6200E7E34C /* Montserrat-Regular.ttf */,
				844F8DBB2A4C8A6200E7E34C /* Montserrat-SemiBold.ttf */,
				844F8DBE2A4C8A6200E7E34C /* Roboto-Black.ttf */,
				844F8DBD2A4C8A6200E7E34C /* Roboto-Bold.ttf */,
				844F8DB82A4C8A6200E7E34C /* Roboto-Medium.ttf */,
				844F8DBA2A4C8A6200E7E34C /* Roboto-Regular.ttf */,
			);
			path = Fonts;
			sourceTree = "<group>";
		};
		84AE2F502A35F2C7006E87F1 = {
			isa = PBXGroup;
			children = (
				84AE2F5B2A35F2C7006E87F1 /* MyMusicApp */,
				84AE2F5A2A35F2C7006E87F1 /* Products */,
			);
			sourceTree = "<group>";
		};
		84AE2F5A2A35F2C7006E87F1 /* Products */ = {
			isa = PBXGroup;
			children = (
				84AE2F592A35F2C7006E87F1 /* MyMusicApp.app */,
			);
			name = Products;
			sourceTree = "<group>";
		};
		84AE2F5B2A35F2C7006E87F1 /* MyMusicApp */ = {
			isa = PBXGroup;
			children = (
				84AE2F752A35F3AB006E87F1 /* App */,
				844F8DA92A4C1F7700E7E34C /* Common */,
				844F8DA82A4C1EA600E7E34C /* Modules */,
				84AE2F722A35F35E006E87F1 /* Services */,
				844F8DA52A4B206100E7E34C /* UI */,
				84AE2F672A35F2CA006E87F1 /* LaunchScreen.storyboard */,
			);
			path = MyMusicApp;
			sourceTree = "<group>";
		};
		84AE2F722A35F35E006E87F1 /* Services */ = {
			isa = PBXGroup;
			children = (
			);
			path = Services;
			sourceTree = "<group>";
		};
		84AE2F742A35F384006E87F1 /* Resources */ = {
			isa = PBXGroup;
			children = (
				844F8DB72A4C8A6200E7E34C /* Fonts */,
				84AE2F652A35F2CA006E87F1 /* Assets.xcassets */,
				84AE2F7D2A35F687006E87F1 /* Resources.swift */,
			);
			path = Resources;
			sourceTree = "<group>";
		};
		84AE2F752A35F3AB006E87F1 /* App */ = {
			isa = PBXGroup;
			children = (
				84AE2F6A2A35F2CA006E87F1 /* Info.plist */,
				84AE2F5C2A35F2C7006E87F1 /* AppDelegate.swift */,
				84AE2F5E2A35F2C7006E87F1 /* SceneDelegate.swift */,
			);
			path = App;
			sourceTree = "<group>";
		};
/* End PBXGroup section */

/* Begin PBXNativeTarget section */
		84AE2F582A35F2C7006E87F1 /* MyMusicApp */ = {
			isa = PBXNativeTarget;
			buildConfigurationList = 84AE2F6D2A35F2CA006E87F1 /* Build configuration list for PBXNativeTarget "MyMusicApp" */;
			buildPhases = (
				84AE2F552A35F2C7006E87F1 /* Sources */,
				84AE2F562A35F2C7006E87F1 /* Frameworks */,
				84AE2F572A35F2C7006E87F1 /* Resources */,
			);
			buildRules = (
			);
			dependencies = (
			);
			name = MyMusicApp;
			productName = MyMusicApp;
			productReference = 84AE2F592A35F2C7006E87F1 /* MyMusicApp.app */;
			productType = "com.apple.product-type.application";
		};
/* End PBXNativeTarget section */

/* Begin PBXProject section */
		84AE2F512A35F2C7006E87F1 /* Project object */ = {
			isa = PBXProject;
			attributes = {
				BuildIndependentTargetsInParallel = 1;
				LastSwiftUpdateCheck = 1420;
				LastUpgradeCheck = 1420;
				TargetAttributes = {
					84AE2F582A35F2C7006E87F1 = {
						CreatedOnToolsVersion = 14.2;
					};
				};
			};
			buildConfigurationList = 84AE2F542A35F2C7006E87F1 /* Build configuration list for PBXProject "MyMusicApp" */;
			compatibilityVersion = "Xcode 14.0";
			developmentRegion = en;
			hasScannedForEncodings = 0;
			knownRegions = (
				en,
				Base,
			);
			mainGroup = 84AE2F502A35F2C7006E87F1;
			productRefGroup = 84AE2F5A2A35F2C7006E87F1 /* Products */;
			projectDirPath = "";
			projectRoot = "";
			targets = (
				84AE2F582A35F2C7006E87F1 /* MyMusicApp */,
			);
		};
/* End PBXProject section */

/* Begin PBXResourcesBuildPhase section */
		84AE2F572A35F2C7006E87F1 /* Resources */ = {
			isa = PBXResourcesBuildPhase;
			buildActionMask = 2147483647;
			files = (
				844F8DC22A4C8A6200E7E34C /* Montserrat-SemiBold.ttf in Resources */,
				84AE2F692A35F2CA006E87F1 /* LaunchScreen.storyboard in Resources */,
				844F8DC32A4C8A6200E7E34C /* Montserrat-Regular.ttf in Resources */,
				84AE2F662A35F2CA006E87F1 /* Assets.xcassets in Resources */,
				844F8DC12A4C8A6200E7E34C /* Roboto-Regular.ttf in Resources */,
				844F8DC52A4C8A6200E7E34C /* Roboto-Black.ttf in Resources */,
				844F8DC02A4C8A6200E7E34C /* Montserrat-Medium.ttf in Resources */,
				844F8DC42A4C8A6200E7E34C /* Roboto-Bold.ttf in Resources */,
				844F8DBF2A4C8A6200E7E34C /* Roboto-Medium.ttf in Resources */,
			);
			runOnlyForDeploymentPostprocessing = 0;
		};
/* End PBXResourcesBuildPhase section */

/* Begin PBXSourcesBuildPhase section */
		84AE2F552A35F2C7006E87F1 /* Sources */ = {
			isa = PBXSourcesBuildPhase;
			buildActionMask = 2147483647;
			files = (
				8469598A2A4DFBD100A12459 /* CustomTabbarController.swift in Sources */,
				8469598E2A4F42FC00A12459 /* BaseNavigationController.swift in Sources */,
				84AE2F5D2A35F2C7006E87F1 /* AppDelegate.swift in Sources */,
				84AE2F5F2A35F2C7006E87F1 /* SceneDelegate.swift in Sources */,
				846959902A4F43BC00A12459 /* ExploreViewController.swift in Sources */,
				846959922A4F440E00A12459 /* HomeViewController.swift in Sources */,
				84AE2F7E2A35F687006E87F1 /* Resources.swift in Sources */,
				84AE2F7C2A35F679006E87F1 /* UIColorExtension.swift in Sources */,
				846959942A4F442500A12459 /* FavoritesViewController.swift in Sources */,
				8469598C2A4F428B00A12459 /* BaseViewController.swift in Sources */,
				846959982A516FE100A12459 /* UIView + ext.swift in Sources */,
				846959962A4F443000A12459 /* AccountViewController.swift in Sources */,
			);
			runOnlyForDeploymentPostprocessing = 0;
		};
/* End PBXSourcesBuildPhase section */

/* Begin PBXVariantGroup section */
		84AE2F672A35F2CA006E87F1 /* LaunchScreen.storyboard */ = {
			isa = PBXVariantGroup;
			children = (
				84AE2F682A35F2CA006E87F1 /* Base */,
			);
			name = LaunchScreen.storyboard;
			sourceTree = "<group>";
		};
/* End PBXVariantGroup section */

/* Begin XCBuildConfiguration section */
		84AE2F6B2A35F2CA006E87F1 /* Debug */ = {
			isa = XCBuildConfiguration;
			buildSettings = {
				ALWAYS_SEARCH_USER_PATHS = NO;
				CLANG_ANALYZER_NONNULL = YES;
				CLANG_ANALYZER_NUMBER_OBJECT_CONVERSION = YES_AGGRESSIVE;
				CLANG_CXX_LANGUAGE_STANDARD = "gnu++20";
				CLANG_ENABLE_MODULES = YES;
				CLANG_ENABLE_OBJC_ARC = YES;
				CLANG_ENABLE_OBJC_WEAK = YES;
				CLANG_WARN_BLOCK_CAPTURE_AUTORELEASING = YES;
				CLANG_WARN_BOOL_CONVERSION = YES;
				CLANG_WARN_COMMA = YES;
				CLANG_WARN_CONSTANT_CONVERSION = YES;
				CLANG_WARN_DEPRECATED_OBJC_IMPLEMENTATIONS = YES;
				CLANG_WARN_DIRECT_OBJC_ISA_USAGE = YES_ERROR;
				CLANG_WARN_DOCUMENTATION_COMMENTS = YES;
				CLANG_WARN_EMPTY_BODY = YES;
				CLANG_WARN_ENUM_CONVERSION = YES;
				CLANG_WARN_INFINITE_RECURSION = YES;
				CLANG_WARN_INT_CONVERSION = YES;
				CLANG_WARN_NON_LITERAL_NULL_CONVERSION = YES;
				CLANG_WARN_OBJC_IMPLICIT_RETAIN_SELF = YES;
				CLANG_WARN_OBJC_LITERAL_CONVERSION = YES;
				CLANG_WARN_OBJC_ROOT_CLASS = YES_ERROR;
				CLANG_WARN_QUOTED_INCLUDE_IN_FRAMEWORK_HEADER = YES;
				CLANG_WARN_RANGE_LOOP_ANALYSIS = YES;
				CLANG_WARN_STRICT_PROTOTYPES = YES;
				CLANG_WARN_SUSPICIOUS_MOVE = YES;
				CLANG_WARN_UNGUARDED_AVAILABILITY = YES_AGGRESSIVE;
				CLANG_WARN_UNREACHABLE_CODE = YES;
				CLANG_WARN__DUPLICATE_METHOD_MATCH = YES;
				COPY_PHASE_STRIP = NO;
				DEBUG_INFORMATION_FORMAT = dwarf;
				ENABLE_STRICT_OBJC_MSGSEND = YES;
				ENABLE_TESTABILITY = YES;
				GCC_C_LANGUAGE_STANDARD = gnu11;
				GCC_DYNAMIC_NO_PIC = NO;
				GCC_NO_COMMON_BLOCKS = YES;
				GCC_OPTIMIZATION_LEVEL = 0;
				GCC_PREPROCESSOR_DEFINITIONS = (
					"DEBUG=1",
					"$(inherited)",
				);
				GCC_WARN_64_TO_32_BIT_CONVERSION = YES;
				GCC_WARN_ABOUT_RETURN_TYPE = YES_ERROR;
				GCC_WARN_UNDECLARED_SELECTOR = YES;
				GCC_WARN_UNINITIALIZED_AUTOS = YES_AGGRESSIVE;
				GCC_WARN_UNUSED_FUNCTION = YES;
				GCC_WARN_UNUSED_VARIABLE = YES;
				IPHONEOS_DEPLOYMENT_TARGET = 16.2;
				MTL_ENABLE_DEBUG_INFO = INCLUDE_SOURCE;
				MTL_FAST_MATH = YES;
				ONLY_ACTIVE_ARCH = YES;
				SDKROOT = iphoneos;
				SWIFT_ACTIVE_COMPILATION_CONDITIONS = DEBUG;
				SWIFT_OPTIMIZATION_LEVEL = "-Onone";
			};
			name = Debug;
		};
		84AE2F6C2A35F2CA006E87F1 /* Release */ = {
			isa = XCBuildConfiguration;
			buildSettings = {
				ALWAYS_SEARCH_USER_PATHS = NO;
				CLANG_ANALYZER_NONNULL = YES;
				CLANG_ANALYZER_NUMBER_OBJECT_CONVERSION = YES_AGGRESSIVE;
				CLANG_CXX_LANGUAGE_STANDARD = "gnu++20";
				CLANG_ENABLE_MODULES = YES;
				CLANG_ENABLE_OBJC_ARC = YES;
				CLANG_ENABLE_OBJC_WEAK = YES;
				CLANG_WARN_BLOCK_CAPTURE_AUTORELEASING = YES;
				CLANG_WARN_BOOL_CONVERSION = YES;
				CLANG_WARN_COMMA = YES;
				CLANG_WARN_CONSTANT_CONVERSION = YES;
				CLANG_WARN_DEPRECATED_OBJC_IMPLEMENTATIONS = YES;
				CLANG_WARN_DIRECT_OBJC_ISA_USAGE = YES_ERROR;
				CLANG_WARN_DOCUMENTATION_COMMENTS = YES;
				CLANG_WARN_EMPTY_BODY = YES;
				CLANG_WARN_ENUM_CONVERSION = YES;
				CLANG_WARN_INFINITE_RECURSION = YES;
				CLANG_WARN_INT_CONVERSION = YES;
				CLANG_WARN_NON_LITERAL_NULL_CONVERSION = YES;
				CLANG_WARN_OBJC_IMPLICIT_RETAIN_SELF = YES;
				CLANG_WARN_OBJC_LITERAL_CONVERSION = YES;
				CLANG_WARN_OBJC_ROOT_CLASS = YES_ERROR;
				CLANG_WARN_QUOTED_INCLUDE_IN_FRAMEWORK_HEADER = YES;
				CLANG_WARN_RANGE_LOOP_ANALYSIS = YES;
				CLANG_WARN_STRICT_PROTOTYPES = YES;
				CLANG_WARN_SUSPICIOUS_MOVE = YES;
				CLANG_WARN_UNGUARDED_AVAILABILITY = YES_AGGRESSIVE;
				CLANG_WARN_UNREACHABLE_CODE = YES;
				CLANG_WARN__DUPLICATE_METHOD_MATCH = YES;
				COPY_PHASE_STRIP = NO;
				DEBUG_INFORMATION_FORMAT = "dwarf-with-dsym";
				ENABLE_NS_ASSERTIONS = NO;
				ENABLE_STRICT_OBJC_MSGSEND = YES;
				GCC_C_LANGUAGE_STANDARD = gnu11;
				GCC_NO_COMMON_BLOCKS = YES;
				GCC_WARN_64_TO_32_BIT_CONVERSION = YES;
				GCC_WARN_ABOUT_RETURN_TYPE = YES_ERROR;
				GCC_WARN_UNDECLARED_SELECTOR = YES;
				GCC_WARN_UNINITIALIZED_AUTOS = YES_AGGRESSIVE;
				GCC_WARN_UNUSED_FUNCTION = YES;
				GCC_WARN_UNUSED_VARIABLE = YES;
				IPHONEOS_DEPLOYMENT_TARGET = 16.2;
				MTL_ENABLE_DEBUG_INFO = NO;
				MTL_FAST_MATH = YES;
				SDKROOT = iphoneos;
				SWIFT_COMPILATION_MODE = wholemodule;
				SWIFT_OPTIMIZATION_LEVEL = "-O";
				VALIDATE_PRODUCT = YES;
			};
			name = Release;
		};
		84AE2F6E2A35F2CA006E87F1 /* Debug */ = {
			isa = XCBuildConfiguration;
			buildSettings = {
				ASSETCATALOG_COMPILER_APPICON_NAME = AppIcon;
				ASSETCATALOG_COMPILER_GLOBAL_ACCENT_COLOR_NAME = AccentColor;
				CODE_SIGN_STYLE = Automatic;
				CURRENT_PROJECT_VERSION = 1;
				DEVELOPMENT_TEAM = M4F6PT832U;
				GENERATE_INFOPLIST_FILE = YES;
				INFOPLIST_FILE = MyMusicApp/App/Info.plist;
				INFOPLIST_KEY_UIApplicationSupportsIndirectInputEvents = YES;
				INFOPLIST_KEY_UILaunchStoryboardName = LaunchScreen;
				INFOPLIST_KEY_UISupportedInterfaceOrientations = UIInterfaceOrientationPortrait;
				INFOPLIST_KEY_UISupportedInterfaceOrientations_iPad = "UIInterfaceOrientationLandscapeLeft UIInterfaceOrientationLandscapeRight UIInterfaceOrientationPortrait UIInterfaceOrientationPortraitUpsideDown";
				IPHONEOS_DEPLOYMENT_TARGET = 15.0;
				LD_RUNPATH_SEARCH_PATHS = (
					"$(inherited)",
					"@executable_path/Frameworks",
				);
				MARKETING_VERSION = 1.0;
				PRODUCT_BUNDLE_IDENTIFIER = com.anmik.MyMusicApp;
				PRODUCT_NAME = "$(TARGET_NAME)";
				SUPPORTED_PLATFORMS = "iphoneos iphonesimulator";
				SUPPORTS_MACCATALYST = NO;
				SUPPORTS_MAC_DESIGNED_FOR_IPHONE_IPAD = NO;
				SWIFT_EMIT_LOC_STRINGS = YES;
				SWIFT_VERSION = 5.0;
				TARGETED_DEVICE_FAMILY = 1;
			};
			name = Debug;
		};
		84AE2F6F2A35F2CA006E87F1 /* Release */ = {
			isa = XCBuildConfiguration;
			buildSettings = {
				ASSETCATALOG_COMPILER_APPICON_NAME = AppIcon;
				ASSETCATALOG_COMPILER_GLOBAL_ACCENT_COLOR_NAME = AccentColor;
				CODE_SIGN_STYLE = Automatic;
				CURRENT_PROJECT_VERSION = 1;
				DEVELOPMENT_TEAM = M4F6PT832U;
				GENERATE_INFOPLIST_FILE = YES;
				INFOPLIST_FILE = MyMusicApp/App/Info.plist;
				INFOPLIST_KEY_UIApplicationSupportsIndirectInputEvents = YES;
				INFOPLIST_KEY_UILaunchStoryboardName = LaunchScreen;
				INFOPLIST_KEY_UISupportedInterfaceOrientations = UIInterfaceOrientationPortrait;
				INFOPLIST_KEY_UISupportedInterfaceOrientations_iPad = "UIInterfaceOrientationLandscapeLeft UIInterfaceOrientationLandscapeRight UIInterfaceOrientationPortrait UIInterfaceOrientationPortraitUpsideDown";
				IPHONEOS_DEPLOYMENT_TARGET = 15.0;
				LD_RUNPATH_SEARCH_PATHS = (
					"$(inherited)",
					"@executable_path/Frameworks",
				);
				MARKETING_VERSION = 1.0;
				PRODUCT_BUNDLE_IDENTIFIER = com.anmik.MyMusicApp;
				PRODUCT_NAME = "$(TARGET_NAME)";
				SUPPORTED_PLATFORMS = "iphoneos iphonesimulator";
				SUPPORTS_MACCATALYST = NO;
				SUPPORTS_MAC_DESIGNED_FOR_IPHONE_IPAD = NO;
				SWIFT_EMIT_LOC_STRINGS = YES;
				SWIFT_VERSION = 5.0;
				TARGETED_DEVICE_FAMILY = 1;
			};
			name = Release;
		};
/* End XCBuildConfiguration section */

/* Begin XCConfigurationList section */
		84AE2F542A35F2C7006E87F1 /* Build configuration list for PBXProject "MyMusicApp" */ = {
			isa = XCConfigurationList;
			buildConfigurations = (
				84AE2F6B2A35F2CA006E87F1 /* Debug */,
				84AE2F6C2A35F2CA006E87F1 /* Release */,
			);
			defaultConfigurationIsVisible = 0;
			defaultConfigurationName = Release;
		};
		84AE2F6D2A35F2CA006E87F1 /* Build configuration list for PBXNativeTarget "MyMusicApp" */ = {
			isa = XCConfigurationList;
			buildConfigurations = (
				84AE2F6E2A35F2CA006E87F1 /* Debug */,
				84AE2F6F2A35F2CA006E87F1 /* Release */,
			);
			defaultConfigurationIsVisible = 0;
			defaultConfigurationName = Release;
		};
/* End XCConfigurationList section */
	};
	rootObject = 84AE2F512A35F2C7006E87F1 /* Project object */;
}
